
Microsoft Visual Studio Solution File, Format Version 12.00
# Visual Studio 2012
Project("{FAE04EC0-301F-11D3-BF4B-00C04F79EFBC}") = "TaxChamp", "TaxChamp\TaxChamp.csproj", "{0CD2880C-01FC-437B-9504-66C1ECCC0E8C}"
EndProject
Project("{FAE04EC0-301F-11D3-BF4B-00C04F79EFBC}") = "Business", "Business\Business.csproj", "{330DD3E8-C18F-41B2-81EA-4E75F169E5E4}"
EndProject
Project("{FAE04EC0-301F-11D3-BF4B-00C04F79EFBC}") = "DAL", "DAL\DAL.csproj", "{549F5ED3-DE6E-41DE-A0E5-3F701967CF3B}"
EndProject
Project("{FAE04EC0-301F-11D3-BF4B-00C04F79EFBC}") = "Tests", "Tests\Tests.csproj", "{42239F82-F3D0-4DF5-9A6F-E9FB92550076}"
EndProject
Project("{FAE04EC0-301F-11D3-BF4B-00C04F79EFBC}") = "Model", "Model\Model.csproj", "{C654A366-658F-4B9B-A2D2-16DB0AAA7C89}"
EndProject
Global
	GlobalSection(SolutionConfigurationPlatforms) = preSolution
		Debug|Any CPU = Debug|Any CPU
		Release|Any CPU = Release|Any CPU
	EndGlobalSection
	GlobalSection(ProjectConfigurationPlatforms) = postSolution
		{0CD2880C-01FC-437B-9504-66C1ECCC0E8C}.Debug|Any CPU.ActiveCfg = Debug|Any CPU
		{0CD2880C-01FC-437B-9504-66C1ECCC0E8C}.Debug|Any CPU.Build.0 = Debug|Any CPU
		{0CD2880C-01FC-437B-9504-66C1ECCC0E8C}.Release|Any CPU.ActiveCfg = Release|Any CPU
		{0CD2880C-01FC-437B-9504-66C1ECCC0E8C}.Release|Any CPU.Build.0 = Release|Any CPU
		{330DD3E8-C18F-41B2-81EA-4E75F169E5E4}.Debug|Any CPU.ActiveCfg = Debug|Any CPU
		{330DD3E8-C18F-41B2-81EA-4E75F169E5E4}.Debug|Any CPU.Build.0 = Debug|Any CPU
		{330DD3E8-C18F-41B2-81EA-4E75F169E5E4}.Release|Any CPU.ActiveCfg = Release|Any CPU
		{330DD3E8-C18F-41B2-81EA-4E75F169E5E4}.Release|Any CPU.Build.0 = Release|Any CPU
		{549F5ED3-DE6E-41DE-A0E5-3F701967CF3B}.Debug|Any CPU.ActiveCfg = Debug|Any CPU
		{549F5ED3-DE6E-41DE-A0E5-3F701967CF3B}.Debug|Any CPU.Build.0 = Debug|Any CPU
		{549F5ED3-DE6E-41DE-A0E5-3F701967CF3B}.Release|Any CPU.ActiveCfg = Release|Any CPU
		{549F5ED3-DE6E-41DE-A0E5-3F701967CF3B}.Release|Any CPU.Build.0 = Release|Any CPU
		{42239F82-F3D0-4DF5-9A6F-E9FB92550076}.Debug|Any CPU.ActiveCfg = Debug|Any CPU
		{42239F82-F3D0-4DF5-9A6F-E9FB92550076}.Debug|Any CPU.Build.0 = Debug|Any CPU
		{42239F82-F3D0-4DF5-9A6F-E9FB92550076}.Release|Any CPU.ActiveCfg = Release|Any CPU
		{42239F82-F3D0-4DF5-9A6F-E9FB92550076}.Release|Any CPU.Build.0 = Release|Any CPU
		{C654A366-658F-4B9B-A2D2-16DB0AAA7C89}.Debug|Any CPU.ActiveCfg = Debug|Any CPU
		{C654A366-658F-4B9B-A2D2-16DB0AAA7C89}.Debug|Any CPU.Build.0 = Debug|Any CPU
		{C654A366-658F-4B9B-A2D2-16DB0AAA7C89}.Release|Any CPU.ActiveCfg = Release|Any CPU
		{C654A366-658F-4B9B-A2D2-16DB0AAA7C89}.Release|Any CPU.Build.0 = Release|Any CPU
	EndGlobalSection
	GlobalSection(SolutionProperties) = preSolution
		HideSolutionNode = FALSE
	EndGlobalSection
EndGlobal
